{
  "name": "cloud-chat",
  "lockfileVersion": 2,
  "requires": true,
  "packages": {
    "": {
      "name": "cloud-chat",
      "dependencies": {
        "@jest/globals": "^27.2.5",
        "cors": "^2.8.5",
        "jsonwebtoken": "^8.5.1",
        "ksuid": "^2.0.0",
        "long": "^4.0.0",
        "nodes2ts": "^2.0.0",
        "uuid": "^8.3.2"
      },
      "devDependencies": {
        "@serverless/cloud": "^2.0.0",
        "@types/jest": "^27.0.2"
      }
    },
    "node_modules/@babel/code-frame": {
      "version": "7.15.8",
      "integrity": "sha512-2IAnmn8zbvC/jKYhq5Ki9I+DwjlrtMPUCH/CpHvqI4dNnlwHwsxoIhlc8WcYY5LSYknXQtAlFYuHfqAFCvQ4Wg==",
      "dependencies": {
        "@babel/highlight": "^7.14.5"
      },
      "engines": {
        "node": ">=6.9.0"
      }
    },
    "node_modules/@babel/helper-validator-identifier": {
      "version": "7.15.7",
      "integrity": "sha512-K4JvCtQqad9OY2+yTU8w+E82ywk/fe+ELNlt1G8z3bVGlZfn/hOcQQsUhGhW/N+tb3fxK800wLtKOE/aM0m72w==",
      "engines": {
        "node": ">=6.9.0"
      }
    },
    "node_modules/@babel/highlight": {
      "version": "7.14.5",
      "integrity": "sha512-qf9u2WFWVV0MppaL877j2dBtQIDgmidgjGk5VIMw3OadXvYaXn66U1BFlH2t4+t3i+8PhedppRv+i40ABzd+gg==",
      "dependencies": {
        "@babel/helper-validator-identifier": "^7.14.5",
        "chalk": "^2.0.0",
        "js-tokens": "^4.0.0"
      },
      "engines": {
        "node": ">=6.9.0"
      }
    },
    "node_modules/@babel/highlight/node_modules/ansi-styles": {
      "version": "3.2.1",
      "integrity": "sha512-VT0ZI6kZRdTh8YyJw3SMbYm/u+NqfsAxEpWO0Pf9sq8/e94WxxOpPKx9FR1FlyCtOVDNOQ+8ntlqFxiRc+r5qA==",
      "dependencies": {
        "color-convert": "^1.9.0"
      },
      "engines": {
        "node": ">=4"
      }
    },
    "node_modules/@babel/highlight/node_modules/chalk": {
      "version": "2.4.2",
      "integrity": "sha512-Mti+f9lpJNcwF4tWV8/OrTTtF1gZi+f8FqlyAdouralcFWFQWF2+NgCHShjkCb+IFBLq9buZwE1xckQU4peSuQ==",
      "dependencies": {
        "ansi-styles": "^3.2.1",
        "escape-string-regexp": "^1.0.5",
        "supports-color": "^5.3.0"
      },
      "engines": {
        "node": ">=4"
      }
    },
    "node_modules/@babel/highlight/node_modules/color-convert": {
      "version": "1.9.3",
      "integrity": "sha512-QfAUtd+vFdAtFQcC8CCyYt1fYWxSqAiK2cSD6zDB8N3cpsEBAvRxp9zOGg6G/SHHJYAT88/az/IuDGALsNVbGg==",
      "dependencies": {
        "color-name": "1.1.3"
      }
    },
    "node_modules/@babel/highlight/node_modules/color-name": {
      "version": "1.1.3",
      "integrity": "sha1-p9BVi9icQveV3UIyj3QIMcpTvCU="
    },
    "node_modules/@babel/highlight/node_modules/has-flag": {
      "version": "3.0.0",
      "integrity": "sha1-tdRU3CGZriJWmfNGfloH87lVuv0=",
      "engines": {
        "node": ">=4"
      }
    },
    "node_modules/@babel/highlight/node_modules/supports-color": {
      "version": "5.5.0",
      "integrity": "sha512-QjVjwdXIt408MIiAqCX4oUKsgU2EqAGzs2Ppkm4aQYbjm+ZEWEcW4SfFNTr4uMNZma0ey4f5lgLrkB0aX0QMow==",
      "dependencies": {
        "has-flag": "^3.0.0"
      },
      "engines": {
        "node": ">=4"
      }
    },
    "node_modules/@jest/environment": {
      "version": "27.2.5",
      "integrity": "sha512-XvUW3q6OUF+54SYFCgbbfCd/BKTwm5b2MGLoc2jINXQLKQDTCS2P2IrpPOtQ08WWZDGzbhAzVhOYta3J2arubg==",
      "dependencies": {
        "@jest/fake-timers": "^27.2.5",
        "@jest/types": "^27.2.5",
        "@types/node": "*",
        "jest-mock": "^27.2.5"
      },
      "engines": {
        "node": "^10.13.0 || ^12.13.0 || ^14.15.0 || >=15.0.0"
      }
    },
    "node_modules/@jest/fake-timers": {
      "version": "27.2.5",
      "integrity": "sha512-ZGUb6jg7BgwY+nmO0TW10bc7z7Hl2G/UTAvmxEyZ/GgNFoa31tY9/cgXmqcxnnZ7o5Xs7RAOz3G1SKIj8IVDlg==",
      "dependencies": {
        "@jest/types": "^27.2.5",
        "@sinonjs/fake-timers": "^8.0.1",
        "@types/node": "*",
        "jest-message-util": "^27.2.5",
        "jest-mock": "^27.2.5",
        "jest-util": "^27.2.5"
      },
      "engines": {
        "node": "^10.13.0 || ^12.13.0 || ^14.15.0 || >=15.0.0"
      }
    },
    "node_modules/@jest/globals": {
      "version": "27.2.5",
      "integrity": "sha512-naRI537GM+enFVJQs6DcwGYPn/0vgJNb06zGVbzXfDfe/epDPV73hP1vqO37PqSKDeOXM2KInr6ymYbL1HTP7g==",
      "dependencies": {
        "@jest/environment": "^27.2.5",
        "@jest/types": "^27.2.5",
        "expect": "^27.2.5"
      },
      "engines": {
        "node": "^10.13.0 || ^12.13.0 || ^14.15.0 || >=15.0.0"
      }
    },
    "node_modules/@jest/types": {
      "version": "27.2.5",
      "integrity": "sha512-nmuM4VuDtCZcY+eTpw+0nvstwReMsjPoj7ZR80/BbixulhLaiX+fbv8oeLW8WZlJMcsGQsTmMKT/iTZu1Uy/lQ==",
      "dependencies": {
        "@types/istanbul-lib-coverage": "^2.0.0",
        "@types/istanbul-reports": "^3.0.0",
        "@types/node": "*",
        "@types/yargs": "^16.0.0",
        "chalk": "^4.0.0"
      },
      "engines": {
        "node": "^10.13.0 || ^12.13.0 || ^14.15.0 || >=15.0.0"
      }
    },
    "node_modules/@serverless/cloud": {
      "version": "2.6.3",
      "resolved": "https://registry.npmjs.org/@serverless/cloud/-/cloud-2.6.3.tgz",
      "integrity": "sha512-4LTT6Xm2qzIaPjYvAzYjt50nBTrf1AYf8UjMEkwXsiuuXcya76nrRWx19gOV7SW8Fd8u1aF7xp8/KPYcfOhgnw==",
      "dev": true,
      "dependencies": {
        "chokidar": "^3.5.0"
      },
      "bin": {
        "cloud": "bin/bin"
      },
      "engines": {
        "node": ">=12.0.0"
      }
    },
    "node_modules/@sinonjs/commons": {
      "version": "1.8.3",
      "integrity": "sha512-xkNcLAn/wZaX14RPlwizcKicDk9G3F8m2nU3L7Ukm5zBgTwiT0wsoFAHx9Jq56fJA1z/7uKGtCRu16sOUCLIHQ==",
      "dependencies": {
        "type-detect": "4.0.8"
      }
    },
    "node_modules/@sinonjs/fake-timers": {
      "version": "8.0.1",
      "integrity": "sha512-AU7kwFxreVd6OAXcAFlKSmZquiRUU0FvYm44k1Y1QbK7Co4m0aqfGMhjykIeQp/H6rcl+nFmj0zfdUcGVs9Dew==",
      "dependencies": {
        "@sinonjs/commons": "^1.7.0"
      }
    },
    "node_modules/@types/istanbul-lib-coverage": {
      "version": "2.0.3",
      "integrity": "sha512-sz7iLqvVUg1gIedBOvlkxPlc8/uVzyS5OwGz1cKjXzkl3FpL3al0crU8YGU1WoHkxn0Wxbw5tyi6hvzJKNzFsw=="
    },
    "node_modules/@types/istanbul-lib-report": {
      "version": "3.0.0",
      "integrity": "sha512-plGgXAPfVKFoYfa9NpYDAkseG+g6Jr294RqeqcqDixSbU34MZVJRi/P+7Y8GDpzkEwLaGZZOpKIEmeVZNtKsrg==",
      "dependencies": {
        "@types/istanbul-lib-coverage": "*"
      }
    },
    "node_modules/@types/istanbul-reports": {
      "version": "3.0.1",
      "integrity": "sha512-c3mAZEuK0lvBp8tmuL74XRKn1+y2dcwOUpH7x4WrF6gk1GIgiluDRgMYQtw2OFcBvAJWlt6ASU3tSqxp0Uu0Aw==",
      "dependencies": {
        "@types/istanbul-lib-report": "*"
      }
    },
    "node_modules/@types/jest": {
      "version": "27.0.2",
      "integrity": "sha512-4dRxkS/AFX0c5XW6IPMNOydLn2tEhNhJV7DnYK+0bjoJZ+QTmfucBlihX7aoEsh/ocYtkLC73UbnBXBXIxsULA==",
      "dev": true,
      "dependencies": {
        "jest-diff": "^27.0.0",
        "pretty-format": "^27.0.0"
      }
    },
    "node_modules/@types/node": {
      "version": "16.11.0",
      "integrity": "sha512-8MLkBIYQMuhRBQzGN9875bYsOhPnf/0rgXGo66S2FemHkhbn9qtsz9ywV1iCG+vbjigE4WUNVvw37Dx+L0qsPg=="
    },
    "node_modules/@types/stack-utils": {
      "version": "2.0.1",
      "integrity": "sha512-Hl219/BT5fLAaz6NDkSuhzasy49dwQS/DSdu4MdggFB8zcXv7vflBI3xp7FEmkmdDkBUI2bPUNeMttp2knYdxw=="
    },
    "node_modules/@types/yargs": {
      "version": "16.0.4",
      "integrity": "sha512-T8Yc9wt/5LbJyCaLiHPReJa0kApcIgJ7Bn735GjItUfh08Z1pJvu8QZqb9s+mMvKV6WUQRV7K2R46YbjMXTTJw==",
      "dependencies": {
        "@types/yargs-parser": "*"
      }
    },
    "node_modules/@types/yargs-parser": {
      "version": "20.2.1",
      "integrity": "sha512-7tFImggNeNBVMsn0vLrpn1H1uPrUBdnARPTpZoitY37ZrdJREzf7I16tMrlK3hen349gr1NYh8CmZQa7CTG6Aw=="
    },
    "node_modules/ansi-regex": {
      "version": "5.0.1",
      "integrity": "sha512-quJQXlTSUGL2LH9SUXo8VwsY4soanhgo6LNSm84E1LBcE8s3O0wpdiRzyR9z/ZZJMlMWv37qOOb9pdJlMUEKFQ==",
      "engines": {
        "node": ">=8"
      }
    },
    "node_modules/ansi-styles": {
      "version": "4.3.0",
      "integrity": "sha512-zbB9rCJAT1rbjiVDb2hqKFHNYLxgtk8NURxZ3IZwD3F6NtxbXZQCnnSi1Lkx+IDohdPlFp222wVALIheZJQSEg==",
      "dependencies": {
        "color-convert": "^2.0.1"
      },
      "engines": {
        "node": ">=8"
      },
      "funding": {
        "url": "https://github.com/chalk/ansi-styles?sponsor=1"
      }
    },
    "node_modules/anymatch": {
      "version": "3.1.2",
      "integrity": "sha512-P43ePfOAIupkguHUycrc4qJ9kz8ZiuOUijaETwX7THt0Y/GNK7v0aa8rY816xWjZ7rJdA5XdMcpVFTKMq+RvWg==",
      "dev": true,
      "dependencies": {
        "normalize-path": "^3.0.0",
        "picomatch": "^2.0.4"
      },
      "engines": {
        "node": ">= 8"
      }
    },
    "node_modules/base-convert-int-array": {
      "version": "1.0.1",
      "integrity": "sha512-NWqzaoXx8L/SS32R+WmKqnQkVXVYl2PwNJ68QV3RAlRRL1uV+yxJT66abXI1cAvqCXQTyXr7/9NN4Af90/zDVw=="
    },
    "node_modules/binary-extensions": {
      "version": "2.2.0",
      "integrity": "sha512-jDctJ/IVQbZoJykoeHbhXpOlNBqGNcwXJKJog42E5HDPUwQTSdjCHdihjj0DlnheQ7blbT6dHOafNAiS8ooQKA==",
      "dev": true,
      "engines": {
        "node": ">=8"
      }
    },
    "node_modules/braces": {
      "version": "3.0.2",
      "integrity": "sha512-b8um+L1RzM3WDSzvhm6gIz1yfTbBt6YTlcEKAvsmqCZZFw46z626lVj9j1yEPW33H5H+lBQpZMP1k8l+78Ha0A==",
      "dependencies": {
        "fill-range": "^7.0.1"
      },
      "engines": {
        "node": ">=8"
      }
    },
    "node_modules/buffer-equal-constant-time": {
      "version": "1.0.1",
      "integrity": "sha1-+OcRMvf/5uAaXJaXpMbz5I1cyBk="
    },
    "node_modules/chalk": {
      "version": "4.1.2",
      "integrity": "sha512-oKnbhFyRIXpUuez8iBMmyEa4nbj4IOQyuhc/wy9kY7/WVPcwIO9VA668Pu8RkO7+0G76SLROeyw9CpQ061i4mA==",
      "dependencies": {
        "ansi-styles": "^4.1.0",
        "supports-color": "^7.1.0"
      },
      "engines": {
        "node": ">=10"
      },
      "funding": {
        "url": "https://github.com/chalk/chalk?sponsor=1"
      }
    },
    "node_modules/chokidar": {
      "version": "3.5.2",
      "integrity": "sha512-ekGhOnNVPgT77r4K/U3GDhu+FQ2S8TnK/s2KbIGXi0SZWuwkZ2QNyfWdZW+TVfn84DpEP7rLeCt2UI6bJ8GwbQ==",
      "dev": true,
      "dependencies": {
        "anymatch": "~3.1.2",
        "braces": "~3.0.2",
        "glob-parent": "~5.1.2",
        "is-binary-path": "~2.1.0",
        "is-glob": "~4.0.1",
        "normalize-path": "~3.0.0",
        "readdirp": "~3.6.0"
      },
      "engines": {
        "node": ">= 8.10.0"
      },
      "optionalDependencies": {
        "fsevents": "~2.3.2"
      }
    },
    "node_modules/ci-info": {
      "version": "3.2.0",
      "integrity": "sha512-dVqRX7fLUm8J6FgHJ418XuIgDLZDkYcDFTeL6TA2gt5WlIZUQrrH6EZrNClwT/H0FateUsZkGIOPRrLbP+PR9A=="
    },
    "node_modules/color-convert": {
      "version": "2.0.1",
      "integrity": "sha512-RRECPsj7iu/xb5oKYcsFHSppFNnsj/52OVTRKb4zP5onXwVF3zVmmToNcOfGC+CRDpfK/U584fMg38ZHCaElKQ==",
      "dependencies": {
        "color-name": "~1.1.4"
      },
      "engines": {
        "node": ">=7.0.0"
      }
    },
    "node_modules/color-name": {
      "version": "1.1.4",
      "integrity": "sha512-dOy+3AuW3a2wNbZHIuMZpTcgjGuLU/uBL/ubcZF9OXbDo8ff4O8yVp5Bf0efS8uEoYo5q4Fx7dY9OgQGXgAsQA=="
    },
    "node_modules/cors": {
      "version": "2.8.5",
      "integrity": "sha512-KIHbLJqu73RGr/hnbrO9uBeixNGuvSQjul/jdFvS/KFSIH1hWVd1ng7zOHx+YrEfInLG7q4n6GHQ9cDtxv/P6g==",
      "dependencies": {
        "object-assign": "^4",
        "vary": "^1"
      },
      "engines": {
        "node": ">= 0.10"
      }
    },
    "node_modules/diff-sequences": {
      "version": "27.0.6",
      "integrity": "sha512-ag6wfpBFyNXZ0p8pcuIDS//D8H062ZQJ3fzYxjpmeKjnz8W4pekL3AI8VohmyZmsWW2PWaHgjsmqR6L13101VQ==",
      "engines": {
        "node": "^10.13.0 || ^12.13.0 || ^14.15.0 || >=15.0.0"
      }
    },
    "node_modules/ecdsa-sig-formatter": {
      "version": "1.0.11",
      "integrity": "sha512-nagl3RYrbNv6kQkeJIpt6NJZy8twLB/2vtz6yN9Z4vRKHN4/QZJIEbqohALSgwKdnksuY3k5Addp5lg8sVoVcQ==",
      "dependencies": {
        "safe-buffer": "^5.0.1"
      }
    },
    "node_modules/escape-string-regexp": {
      "version": "1.0.5",
      "integrity": "sha1-G2HAViGQqN/2rjuyzwIAyhMLhtQ=",
      "engines": {
        "node": ">=0.8.0"
      }
    },
    "node_modules/expect": {
      "version": "27.2.5",
      "integrity": "sha512-ZrO0w7bo8BgGoP/bLz+HDCI+0Hfei9jUSZs5yI/Wyn9VkG9w8oJ7rHRgYj+MA7yqqFa0IwHA3flJzZtYugShJA==",
      "dependencies": {
        "@jest/types": "^27.2.5",
        "ansi-styles": "^5.0.0",
        "jest-get-type": "^27.0.6",
        "jest-matcher-utils": "^27.2.5",
        "jest-message-util": "^27.2.5",
        "jest-regex-util": "^27.0.6"
      },
      "engines": {
        "node": "^10.13.0 || ^12.13.0 || ^14.15.0 || >=15.0.0"
      }
    },
    "node_modules/expect/node_modules/ansi-styles": {
      "version": "5.2.0",
      "integrity": "sha512-Cxwpt2SfTzTtXcfOlzGEee8O+c+MmUgGrNiBcXnuWxuFJHe6a5Hz7qwhwe5OgaSYI0IJvkLqWX1ASG+cJOkEiA==",
      "engines": {
        "node": ">=10"
      },
      "funding": {
        "url": "https://github.com/chalk/ansi-styles?sponsor=1"
      }
    },
    "node_modules/fill-range": {
      "version": "7.0.1",
      "integrity": "sha512-qOo9F+dMUmC2Lcb4BbVvnKJxTPjCm+RRpe4gDuGrzkL7mEVl/djYSu2OdQ2Pa302N4oqkSg9ir6jaLWJ2USVpQ==",
      "dependencies": {
        "to-regex-range": "^5.0.1"
      },
      "engines": {
        "node": ">=8"
      }
    },
    "node_modules/glob-parent": {
      "version": "5.1.2",
      "integrity": "sha512-AOIgSQCepiJYwP3ARnGx+5VnTu2HBYdzbGP45eLw1vr3zB3vZLeyed1sC9hnbcOc9/SrMyM5RPQrkGz4aS9Zow==",
      "dev": true,
      "dependencies": {
        "is-glob": "^4.0.1"
      },
      "engines": {
        "node": ">= 6"
      }
    },
    "node_modules/graceful-fs": {
      "version": "4.2.8",
      "integrity": "sha512-qkIilPUYcNhJpd33n0GBXTB1MMPp14TxEsEs0pTrsSVucApsYzW5V+Q8Qxhik6KU3evy+qkAAowTByymK0avdg=="
    },
    "node_modules/has-flag": {
      "version": "4.0.0",
      "integrity": "sha512-EykJT/Q1KjTWctppgIAgfSO0tKVuZUjhgMr17kqTumMl6Afv3EISleU7qZUzoXDFTAHTDC4NOoG/ZxU3EvlMPQ==",
      "engines": {
        "node": ">=8"
      }
    },
    "node_modules/is-binary-path": {
      "version": "2.1.0",
      "integrity": "sha512-ZMERYes6pDydyuGidse7OsHxtbI7WVeUEozgR/g7rd0xUimYNlvZRE/K2MgZTjWy725IfelLeVcEM97mmtRGXw==",
      "dev": true,
      "dependencies": {
        "binary-extensions": "^2.0.0"
      },
      "engines": {
        "node": ">=8"
      }
    },
    "node_modules/is-ci": {
      "version": "3.0.0",
      "integrity": "sha512-kDXyttuLeslKAHYL/K28F2YkM3x5jvFPEw3yXbRptXydjD9rpLEz+C5K5iutY9ZiUu6AP41JdvRQwF4Iqs4ZCQ==",
      "dependencies": {
        "ci-info": "^3.1.1"
      },
      "bin": {
        "is-ci": "bin.js"
      }
    },
    "node_modules/is-extglob": {
      "version": "2.1.1",
      "integrity": "sha1-qIwCU1eR8C7TfHahueqXc8gz+MI=",
      "dev": true,
      "engines": {
        "node": ">=0.10.0"
      }
    },
    "node_modules/is-glob": {
      "version": "4.0.3",
      "integrity": "sha512-xelSayHH36ZgE7ZWhli7pW34hNbNl8Ojv5KVmkJD4hBdD3th8Tfk9vYasLM+mXWOZhFkgZfxhLSnrwRr4elSSg==",
      "dev": true,
      "dependencies": {
        "is-extglob": "^2.1.1"
      },
      "engines": {
        "node": ">=0.10.0"
      }
    },
    "node_modules/is-number": {
      "version": "7.0.0",
      "integrity": "sha512-41Cifkg6e8TylSpdtTpeLVMqvSBEVzTttHvERD741+pnZ8ANv0004MRL43QKPDlK9cGvNp6NZWZUBlbGXYxxng==",
      "engines": {
        "node": ">=0.12.0"
      }
    },
    "node_modules/jest-diff": {
      "version": "27.2.5",
      "integrity": "sha512-7gfwwyYkeslOOVQY4tVq5TaQa92mWfC9COsVYMNVYyJTOYAqbIkoD3twi5A+h+tAPtAelRxkqY6/xu+jwTr0dA==",
      "dependencies": {
        "chalk": "^4.0.0",
        "diff-sequences": "^27.0.6",
        "jest-get-type": "^27.0.6",
        "pretty-format": "^27.2.5"
      },
      "engines": {
        "node": "^10.13.0 || ^12.13.0 || ^14.15.0 || >=15.0.0"
      }
    },
    "node_modules/jest-get-type": {
      "version": "27.0.6",
      "integrity": "sha512-XTkK5exIeUbbveehcSR8w0bhH+c0yloW/Wpl+9vZrjzztCPWrxhHwkIFpZzCt71oRBsgxmuUfxEqOYoZI2macg==",
      "engines": {
        "node": "^10.13.0 || ^12.13.0 || ^14.15.0 || >=15.0.0"
      }
    },
    "node_modules/jest-matcher-utils": {
      "version": "27.2.5",
      "integrity": "sha512-qNR/kh6bz0Dyv3m68Ck2g1fLW5KlSOUNcFQh87VXHZwWc/gY6XwnKofx76Qytz3x5LDWT09/2+yXndTkaG4aWg==",
      "dependencies": {
        "chalk": "^4.0.0",
        "jest-diff": "^27.2.5",
        "jest-get-type": "^27.0.6",
        "pretty-format": "^27.2.5"
      },
      "engines": {
        "node": "^10.13.0 || ^12.13.0 || ^14.15.0 || >=15.0.0"
      }
    },
    "node_modules/jest-message-util": {
      "version": "27.2.5",
      "integrity": "sha512-ggXSLoPfIYcbmZ8glgEJZ8b+e0Msw/iddRmgkoO7lDAr9SmI65IIfv7VnvTnV4FGnIIUIjzM+fHRHO5RBvyAbQ==",
      "dependencies": {
        "@babel/code-frame": "^7.12.13",
        "@jest/types": "^27.2.5",
        "@types/stack-utils": "^2.0.0",
        "chalk": "^4.0.0",
        "graceful-fs": "^4.2.4",
        "micromatch": "^4.0.4",
        "pretty-format": "^27.2.5",
        "slash": "^3.0.0",
        "stack-utils": "^2.0.3"
      },
      "engines": {
        "node": "^10.13.0 || ^12.13.0 || ^14.15.0 || >=15.0.0"
      }
    },
    "node_modules/jest-mock": {
      "version": "27.2.5",
      "integrity": "sha512-HiMB3LqE9RzmeMzZARi2Bz3NoymxyP0gCid4y42ca1djffNtYFKgI220aC1VP1mUZ8rbpqZbHZOJ15093bZV/Q==",
      "dependencies": {
        "@jest/types": "^27.2.5",
        "@types/node": "*"
      },
      "engines": {
        "node": "^10.13.0 || ^12.13.0 || ^14.15.0 || >=15.0.0"
      }
    },
    "node_modules/jest-regex-util": {
      "version": "27.0.6",
      "integrity": "sha512-SUhPzBsGa1IKm8hx2F4NfTGGp+r7BXJ4CulsZ1k2kI+mGLG+lxGrs76veN2LF/aUdGosJBzKgXmNCw+BzFqBDQ==",
      "engines": {
        "node": "^10.13.0 || ^12.13.0 || ^14.15.0 || >=15.0.0"
      }
    },
    "node_modules/jest-util": {
      "version": "27.2.5",
      "integrity": "sha512-QRhDC6XxISntMzFRd/OQ6TGsjbzA5ONO0tlAj2ElHs155x1aEr0rkYJBEysG6H/gZVH3oGFzCdAB/GA8leh8NQ==",
      "dependencies": {
        "@jest/types": "^27.2.5",
        "@types/node": "*",
        "chalk": "^4.0.0",
        "graceful-fs": "^4.2.4",
        "is-ci": "^3.0.0",
        "picomatch": "^2.2.3"
      },
      "engines": {
        "node": "^10.13.0 || ^12.13.0 || ^14.15.0 || >=15.0.0"
      }
    },
    "node_modules/js-tokens": {
      "version": "4.0.0",
      "integrity": "sha512-RdJUflcE3cUzKiMqQgsCu06FPu9UdIJO0beYbPhHN4k6apgJtifcoCtT9bcxOpYBtpD2kCM6Sbzg4CausW/PKQ=="
    },
    "node_modules/jsonwebtoken": {
      "version": "8.5.1",
      "integrity": "sha512-XjwVfRS6jTMsqYs0EsuJ4LGxXV14zQybNd4L2r0UvbVnSF9Af8x7p5MzbJ90Ioz/9TI41/hTCvznF/loiSzn8w==",
      "dependencies": {
        "jws": "^3.2.2",
        "lodash.includes": "^4.3.0",
        "lodash.isboolean": "^3.0.3",
        "lodash.isinteger": "^4.0.4",
        "lodash.isnumber": "^3.0.3",
        "lodash.isplainobject": "^4.0.6",
        "lodash.isstring": "^4.0.1",
        "lodash.once": "^4.0.0",
        "ms": "^2.1.1",
        "semver": "^5.6.0"
      },
      "engines": {
        "node": ">=4",
        "npm": ">=1.4.28"
      }
    },
    "node_modules/jwa": {
      "version": "1.4.1",
      "integrity": "sha512-qiLX/xhEEFKUAJ6FiBMbes3w9ATzyk5W7Hvzpa/SLYdxNtng+gcurvrI7TbACjIXlsJyr05/S1oUhZrc63evQA==",
      "dependencies": {
        "buffer-equal-constant-time": "1.0.1",
        "ecdsa-sig-formatter": "1.0.11",
        "safe-buffer": "^5.0.1"
      }
    },
    "node_modules/jws": {
      "version": "3.2.2",
      "integrity": "sha512-YHlZCB6lMTllWDtSPHz/ZXTsi8S00usEV6v1tjq8tOUZzw7DpSDWVXjXDre6ed1w/pd495ODpHZYSdkRTsa0HA==",
      "dependencies": {
        "jwa": "^1.4.1",
        "safe-buffer": "^5.0.1"
      }
    },
    "node_modules/ksuid": {
      "version": "2.0.0",
      "integrity": "sha512-BM5UU56FhzqQN6v83X8JSKWktl0gAYRovV0DnO/mXpuOs/SFMTPP7fr7ViNtzpg3iV4pnk/6pChuLhOkKBZ59A==",
      "dependencies": {
        "base-convert-int-array": "^1.0.1"
      }
    },
    "node_modules/lodash.includes": {
      "version": "4.3.0",
      "integrity": "sha1-YLuYqHy5I8aMoeUTJUgzFISfVT8="
    },
    "node_modules/lodash.isboolean": {
      "version": "3.0.3",
      "integrity": "sha1-bC4XHbKiV82WgC/UOwGyDV9YcPY="
    },
    "node_modules/lodash.isinteger": {
      "version": "4.0.4",
      "integrity": "sha1-YZwK89A/iwTDH1iChAt3sRzWg0M="
    },
    "node_modules/lodash.isnumber": {
      "version": "3.0.3",
      "integrity": "sha1-POdoEMWSjQM1IwGsKHMX8RwLH/w="
    },
    "node_modules/lodash.isplainobject": {
      "version": "4.0.6",
      "integrity": "sha1-fFJqUtibRcRcxpC4gWO+BJf1UMs="
    },
    "node_modules/lodash.isstring": {
      "version": "4.0.1",
      "integrity": "sha1-1SfftUVuynzJu5XV2ur4i6VKVFE="
    },
    "node_modules/lodash.once": {
      "version": "4.1.1",
      "integrity": "sha1-DdOXEhPHxW34gJd9UEyI+0cal6w="
    },
    "node_modules/long": {
      "version": "4.0.0",
      "integrity": "sha512-XsP+KhQif4bjX1kbuSiySJFNAehNxgLb6hPRGJ9QsUr8ajHkuXGdrHmFUTUUXhDwVX2R5bY4JNZEwbUiMhV+MA=="
    },
    "node_modules/micromatch": {
      "version": "4.0.4",
      "integrity": "sha512-pRmzw/XUcwXGpD9aI9q/0XOwLNygjETJ8y0ao0wdqprrzDa4YnxLcz7fQRZr8voh8V10kGhABbNcHVk5wHgWwg==",
      "dependencies": {
        "braces": "^3.0.1",
        "picomatch": "^2.2.3"
      },
      "engines": {
        "node": ">=8.6"
      }
    },
    "node_modules/ms": {
      "version": "2.1.2",
      "integrity": "sha512-sGkPx+VjMtmA6MX27oA4FBFELFCZZ4S4XqeGOXCv68tT+jb3vk/RyaKWP0PTKyWtmLSM0b+adUTEvbs1PEaH2w=="
    },
    "node_modules/nodes2ts": {
      "version": "2.0.0",
      "integrity": "sha512-847uDvD2P19xsN7BNPbeUqaZCxA3OBmlHCIqpAsy/JCnGI90XZeZTFtHueK6GZjn/CNaBG2sA42aI0qQvLAJig==",
      "dependencies": {
        "long": "^4.0.0"
      }
    },
    "node_modules/normalize-path": {
      "version": "3.0.0",
      "integrity": "sha512-6eZs5Ls3WtCisHWp9S2GUy8dqkpGi4BVSz3GaqiE6ezub0512ESztXUwUB6C6IKbQkY2Pnb/mD4WYojCRwcwLA==",
      "dev": true,
      "engines": {
        "node": ">=0.10.0"
      }
    },
    "node_modules/object-assign": {
      "version": "4.1.1",
      "integrity": "sha1-IQmtx5ZYh8/AXLvUQsrIv7s2CGM=",
      "engines": {
        "node": ">=0.10.0"
      }
    },
    "node_modules/picomatch": {
      "version": "2.3.0",
      "integrity": "sha512-lY1Q/PiJGC2zOv/z391WOTD+Z02bCgsFfvxoXXf6h7kv9o+WmsmzYqrAwY63sNgOxE4xEdq0WyUnXfKeBrSvYw==",
      "engines": {
        "node": ">=8.6"
      },
      "funding": {
        "url": "https://github.com/sponsors/jonschlinkert"
      }
    },
    "node_modules/pretty-format": {
      "version": "27.2.5",
      "integrity": "sha512-+nYn2z9GgicO9JiqmY25Xtq8SYfZ/5VCpEU3pppHHNAhd1y+ZXxmNPd1evmNcAd6Hz4iBV2kf0UpGth5A/VJ7g==",
      "dependencies": {
        "@jest/types": "^27.2.5",
        "ansi-regex": "^5.0.1",
        "ansi-styles": "^5.0.0",
        "react-is": "^17.0.1"
      },
      "engines": {
        "node": "^10.13.0 || ^12.13.0 || ^14.15.0 || >=15.0.0"
      }
    },
    "node_modules/pretty-format/node_modules/ansi-styles": {
      "version": "5.2.0",
      "integrity": "sha512-Cxwpt2SfTzTtXcfOlzGEee8O+c+MmUgGrNiBcXnuWxuFJHe6a5Hz7qwhwe5OgaSYI0IJvkLqWX1ASG+cJOkEiA==",
      "engines": {
        "node": ">=10"
      },
      "funding": {
        "url": "https://github.com/chalk/ansi-styles?sponsor=1"
      }
    },
    "node_modules/react-is": {
      "version": "17.0.2",
      "integrity": "sha512-w2GsyukL62IJnlaff/nRegPQR94C/XXamvMWmSHRJ4y7Ts/4ocGRmTHvOs8PSE6pB3dWOrD/nueuU5sduBsQ4w=="
    },
    "node_modules/readdirp": {
      "version": "3.6.0",
      "integrity": "sha512-hOS089on8RduqdbhvQ5Z37A0ESjsqz6qnRcffsMU3495FuTdqSm+7bhJ29JvIOsBDEEnan5DPu9t3To9VRlMzA==",
      "dev": true,
      "dependencies": {
        "picomatch": "^2.2.1"
      },
      "engines": {
        "node": ">=8.10.0"
      }
    },
    "node_modules/safe-buffer": {
      "version": "5.1.2",
      "integrity": "sha512-Gd2UZBJDkXlY7GbJxfsE8/nvKkUEU1G38c1siN6QP6a9PT9MmHB8GnpscSmMJSoF8LOIrt8ud/wPtojys4G6+g=="
    },
    "node_modules/semver": {
      "version": "5.7.1",
      "integrity": "sha512-sauaDf/PZdVgrLTNYHRtpXa1iRiKcaebiKQ1BJdpQlWH2lCvexQdX55snPFyK7QzpudqbCI0qXFfOasHdyNDGQ==",
      "bin": {
        "semver": "bin/semver"
      }
    },
    "node_modules/slash": {
      "version": "3.0.0",
      "integrity": "sha512-g9Q1haeby36OSStwb4ntCGGGaKsaVSjQ68fBxoQcutl5fS1vuY18H3wSt3jFyFtrkx+Kz0V1G85A4MyAdDMi2Q==",
      "engines": {
        "node": ">=8"
      }
    },
    "node_modules/stack-utils": {
      "version": "2.0.5",
      "integrity": "sha512-xrQcmYhOsn/1kX+Vraq+7j4oE2j/6BFscZ0etmYg81xuM8Gq0022Pxb8+IqgOFUIaxHs0KaSb7T1+OegiNrNFA==",
      "dependencies": {
        "escape-string-regexp": "^2.0.0"
      },
      "engines": {
        "node": ">=10"
      }
    },
    "node_modules/stack-utils/node_modules/escape-string-regexp": {
      "version": "2.0.0",
      "integrity": "sha512-UpzcLCXolUWcNu5HtVMHYdXJjArjsF9C0aNnquZYY4uW/Vu0miy5YoWvbV345HauVvcAUnpRuhMMcqTcGOY2+w==",
      "engines": {
        "node": ">=8"
      }
    },
    "node_modules/supports-color": {
      "version": "7.2.0",
      "integrity": "sha512-qpCAvRl9stuOHveKsn7HncJRvv501qIacKzQlO/+Lwxc9+0q2wLyv4Dfvt80/DPn2pqOBsJdDiogXGR9+OvwRw==",
      "dependencies": {
        "has-flag": "^4.0.0"
      },
      "engines": {
        "node": ">=8"
      }
    },
    "node_modules/to-regex-range": {
      "version": "5.0.1",
      "integrity": "sha512-65P7iz6X5yEr1cwcgvQxbbIw7Uk3gOy5dIdtZ4rDveLqhrdJP+Li/Hx6tyK0NEb+2GCyneCMJiGqrADCSNk8sQ==",
      "dependencies": {
        "is-number": "^7.0.0"
      },
      "engines": {
        "node": ">=8.0"
      }
    },
    "node_modules/type-detect": {
      "version": "4.0.8",
      "integrity": "sha512-0fr/mIH1dlO+x7TlcMy+bIDqKPsw/70tVyeHW787goQjhmqaZe10uwLujubK9q9Lg6Fiho1KUKDYz0Z7k7g5/g==",
      "engines": {
        "node": ">=4"
      }
    },
    "node_modules/uuid": {
      "version": "8.3.2",
      "integrity": "sha512-+NYs2QeMWy+GWFOEm9xnn6HCDp0l7QBD7ml8zLUmJ+93Q5NF0NocErnwkTkXVFNiX3/fpC6afS8Dhb/gz7R7eg==",
      "bin": {
        "uuid": "dist/bin/uuid"
      }
    },
    "node_modules/vary": {
      "version": "1.1.2",
      "integrity": "sha1-IpnwLG3tMNSllhsLn3RSShj2NPw=",
      "engines": {
        "node": ">= 0.8"
      }
    }
  },
  "dependencies": {
    "@babel/code-frame": {
      "version": "7.15.8",
      "requires": {
        "@babel/highlight": "^7.14.5"
      }
    },
    "@babel/helper-validator-identifier": {
      "version": "7.15.7"
    },
    "@babel/highlight": {
      "version": "7.14.5",
      "requires": {
        "@babel/helper-validator-identifier": "^7.14.5",
        "chalk": "^2.0.0",
        "js-tokens": "^4.0.0"
      },
      "dependencies": {
        "ansi-styles": {
          "version": "3.2.1",
          "requires": {
            "color-convert": "^1.9.0"
          }
        },
        "chalk": {
          "version": "2.4.2",
          "requires": {
            "ansi-styles": "^3.2.1",
            "escape-string-regexp": "^1.0.5",
            "supports-color": "^5.3.0"
          }
        },
        "color-convert": {
          "version": "1.9.3",
          "requires": {
            "color-name": "1.1.3"
          }
        },
        "color-name": {
          "version": "1.1.3"
        },
        "has-flag": {
          "version": "3.0.0"
        },
        "supports-color": {
          "version": "5.5.0",
          "requires": {
            "has-flag": "^3.0.0"
          }
        }
      }
    },
    "@jest/environment": {
      "version": "27.2.5",
      "requires": {
        "@jest/fake-timers": "^27.2.5",
        "@jest/types": "^27.2.5",
        "@types/node": "*",
        "jest-mock": "^27.2.5"
      }
    },
    "@jest/fake-timers": {
      "version": "27.2.5",
      "requires": {
        "@jest/types": "^27.2.5",
        "@sinonjs/fake-timers": "^8.0.1",
        "@types/node": "*",
        "jest-message-util": "^27.2.5",
        "jest-mock": "^27.2.5",
        "jest-util": "^27.2.5"
      }
    },
    "@jest/globals": {
      "version": "27.2.5",
      "requires": {
        "@jest/environment": "^27.2.5",
        "@jest/types": "^27.2.5",
        "expect": "^27.2.5"
      }
    },
    "@jest/types": {
      "version": "27.2.5",
      "requires": {
        "@types/istanbul-lib-coverage": "^2.0.0",
        "@types/istanbul-reports": "^3.0.0",
        "@types/node": "*",
        "@types/yargs": "^16.0.0",
        "chalk": "^4.0.0"
      }
    },
    "@serverless/cloud": {
      "version": "2.6.3",
      "resolved": "https://registry.npmjs.org/@serverless/cloud/-/cloud-2.6.3.tgz",
      "integrity": "sha512-4LTT6Xm2qzIaPjYvAzYjt50nBTrf1AYf8UjMEkwXsiuuXcya76nrRWx19gOV7SW8Fd8u1aF7xp8/KPYcfOhgnw==",
      "dev": true,
      "requires": {
        "chokidar": "^3.5.0"
      }
    },
    "@sinonjs/commons": {
      "version": "1.8.3",
      "requires": {
        "type-detect": "4.0.8"
      }
    },
    "@sinonjs/fake-timers": {
      "version": "8.0.1",
      "requires": {
        "@sinonjs/commons": "^1.7.0"
      }
    },
    "@types/istanbul-lib-coverage": {
      "version": "2.0.3"
    },
    "@types/istanbul-lib-report": {
      "version": "3.0.0",
      "requires": {
        "@types/istanbul-lib-coverage": "*"
      }
    },
    "@types/istanbul-reports": {
      "version": "3.0.1",
      "requires": {
        "@types/istanbul-lib-report": "*"
      }
    },
    "@types/jest": {
      "version": "27.0.2",
      "dev": true,
      "requires": {
        "jest-diff": "^27.0.0",
        "pretty-format": "^27.0.0"
      }
    },
    "@types/node": {
      "version": "16.11.0"
    },
    "@types/stack-utils": {
      "version": "2.0.1"
    },
    "@types/yargs": {
      "version": "16.0.4",
      "requires": {
        "@types/yargs-parser": "*"
      }
    },
    "@types/yargs-parser": {
      "version": "20.2.1"
    },
    "ansi-regex": {
      "version": "5.0.1"
    },
    "ansi-styles": {
      "version": "4.3.0",
      "requires": {
        "color-convert": "^2.0.1"
      }
    },
    "anymatch": {
      "version": "3.1.2",
      "dev": true,
      "requires": {
        "normalize-path": "^3.0.0",
        "picomatch": "^2.0.4"
      }
    },
    "base-convert-int-array": {
      "version": "1.0.1"
    },
    "binary-extensions": {
      "version": "2.2.0",
      "dev": true
    },
    "braces": {
      "version": "3.0.2",
      "requires": {
        "fill-range": "^7.0.1"
      }
    },
    "buffer-equal-constant-time": {
      "version": "1.0.1"
    },
    "chalk": {
      "version": "4.1.2",
      "requires": {
        "ansi-styles": "^4.1.0",
        "supports-color": "^7.1.0"
      }
    },
    "chokidar": {
      "version": "3.5.2",
      "dev": true,
      "requires": {
        "anymatch": "~3.1.2",
        "braces": "~3.0.2",
        "fsevents": "~2.3.2",
        "glob-parent": "~5.1.2",
        "is-binary-path": "~2.1.0",
        "is-glob": "~4.0.1",
        "normalize-path": "~3.0.0",
        "readdirp": "~3.6.0"
      }
    },
    "ci-info": {
      "version": "3.2.0"
    },
    "color-convert": {
      "version": "2.0.1",
      "requires": {
        "color-name": "~1.1.4"
      }
    },
    "color-name": {
      "version": "1.1.4"
    },
    "cors": {
      "version": "2.8.5",
      "requires": {
        "object-assign": "^4",
        "vary": "^1"
      }
    },
    "diff-sequences": {
      "version": "27.0.6"
    },
    "ecdsa-sig-formatter": {
      "version": "1.0.11",
      "requires": {
        "safe-buffer": "^5.0.1"
      }
    },
    "escape-string-regexp": {
      "version": "1.0.5"
    },
    "expect": {
      "version": "27.2.5",
      "requires": {
        "@jest/types": "^27.2.5",
        "ansi-styles": "^5.0.0",
        "jest-get-type": "^27.0.6",
        "jest-matcher-utils": "^27.2.5",
        "jest-message-util": "^27.2.5",
        "jest-regex-util": "^27.0.6"
      },
      "dependencies": {
        "ansi-styles": {
          "version": "5.2.0"
        }
      }
    },
    "fill-range": {
      "version": "7.0.1",
      "requires": {
        "to-regex-range": "^5.0.1"
      }
    },
    "glob-parent": {
      "version": "5.1.2",
      "dev": true,
      "requires": {
        "is-glob": "^4.0.1"
      }
    },
    "graceful-fs": {
      "version": "4.2.8"
    },
    "has-flag": {
      "version": "4.0.0"
    },
    "is-binary-path": {
      "version": "2.1.0",
      "dev": true,
      "requires": {
        "binary-extensions": "^2.0.0"
      }
    },
    "is-ci": {
      "version": "3.0.0",
      "requires": {
        "ci-info": "^3.1.1"
      }
    },
    "is-extglob": {
      "version": "2.1.1",
      "dev": true
    },
    "is-glob": {
      "version": "4.0.3",
      "dev": true,
      "requires": {
        "is-extglob": "^2.1.1"
      }
    },
    "is-number": {
      "version": "7.0.0"
    },
    "jest-diff": {
      "version": "27.2.5",
      "requires": {
        "chalk": "^4.0.0",
        "diff-sequences": "^27.0.6",
        "jest-get-type": "^27.0.6",
        "pretty-format": "^27.2.5"
      }
    },
    "jest-get-type": {
      "version": "27.0.6"
    },
    "jest-matcher-utils": {
      "version": "27.2.5",
      "requires": {
        "chalk": "^4.0.0",
        "jest-diff": "^27.2.5",
        "jest-get-type": "^27.0.6",
        "pretty-format": "^27.2.5"
      }
    },
    "jest-message-util": {
      "version": "27.2.5",
      "requires": {
        "@babel/code-frame": "^7.12.13",
        "@jest/types": "^27.2.5",
        "@types/stack-utils": "^2.0.0",
        "chalk": "^4.0.0",
        "graceful-fs": "^4.2.4",
        "micromatch": "^4.0.4",
        "pretty-format": "^27.2.5",
        "slash": "^3.0.0",
        "stack-utils": "^2.0.3"
      }
    },
    "jest-mock": {
      "version": "27.2.5",
      "requires": {
        "@jest/types": "^27.2.5",
        "@types/node": "*"
      }
    },
    "jest-regex-util": {
      "version": "27.0.6"
    },
    "jest-util": {
      "version": "27.2.5",
      "requires": {
        "@jest/types": "^27.2.5",
        "@types/node": "*",
        "chalk": "^4.0.0",
        "graceful-fs": "^4.2.4",
        "is-ci": "^3.0.0",
        "picomatch": "^2.2.3"
      }
    },
    "js-tokens": {
      "version": "4.0.0"
    },
    "jsonwebtoken": {
      "version": "8.5.1",
      "requires": {
        "jws": "^3.2.2",
        "lodash.includes": "^4.3.0",
        "lodash.isboolean": "^3.0.3",
        "lodash.isinteger": "^4.0.4",
        "lodash.isnumber": "^3.0.3",
        "lodash.isplainobject": "^4.0.6",
        "lodash.isstring": "^4.0.1",
        "lodash.once": "^4.0.0",
        "ms": "^2.1.1",
        "semver": "^5.6.0"
      }
    },
    "jwa": {
      "version": "1.4.1",
      "requires": {
        "buffer-equal-constant-time": "1.0.1",
        "ecdsa-sig-formatter": "1.0.11",
        "safe-buffer": "^5.0.1"
      }
    },
    "jws": {
      "version": "3.2.2",
      "requires": {
        "jwa": "^1.4.1",
        "safe-buffer": "^5.0.1"
      }
    },
    "ksuid": {
      "version": "2.0.0",
      "requires": {
        "base-convert-int-array": "^1.0.1"
      }
    },
    "lodash.includes": {
      "version": "4.3.0"
    },
    "lodash.isboolean": {
      "version": "3.0.3"
    },
    "lodash.isinteger": {
      "version": "4.0.4"
    },
    "lodash.isnumber": {
      "version": "3.0.3"
    },
    "lodash.isplainobject": {
      "version": "4.0.6"
    },
    "lodash.isstring": {
      "version": "4.0.1"
    },
    "lodash.once": {
      "version": "4.1.1"
    },
    "long": {
      "version": "4.0.0"
    },
    "micromatch": {
      "version": "4.0.4",
      "requires": {
        "braces": "^3.0.1",
        "picomatch": "^2.2.3"
      }
    },
    "ms": {
      "version": "2.1.2"
    },
    "nodes2ts": {
      "version": "2.0.0",
      "requires": {
        "long": "^4.0.0"
      }
    },
    "normalize-path": {
      "version": "3.0.0",
      "dev": true
    },
    "object-assign": {
      "version": "4.1.1"
    },
    "picomatch": {
      "version": "2.3.0"
    },
    "pretty-format": {
      "version": "27.2.5",
      "requires": {
        "@jest/types": "^27.2.5",
        "ansi-regex": "^5.0.1",
        "ansi-styles": "^5.0.0",
        "react-is": "^17.0.1"
      },
      "dependencies": {
        "ansi-styles": {
          "version": "5.2.0"
        }
      }
    },
    "react-is": {
      "version": "17.0.2"
    },
    "readdirp": {
      "version": "3.6.0",
      "dev": true,
      "requires": {
        "picomatch": "^2.2.1"
      }
    },
    "safe-buffer": {
      "version": "5.1.2"
    },
    "semver": {
      "version": "5.7.1"
    },
    "slash": {
      "version": "3.0.0"
    },
    "stack-utils": {
      "version": "2.0.5",
      "requires": {
        "escape-string-regexp": "^2.0.0"
      },
      "dependencies": {
        "escape-string-regexp": {
          "version": "2.0.0"
        }
      }
    },
    "supports-color": {
      "version": "7.2.0",
      "requires": {
        "has-flag": "^4.0.0"
      }
    },
    "to-regex-range": {
      "version": "5.0.1",
      "requires": {
        "is-number": "^7.0.0"
      }
    },
    "type-detect": {
      "version": "4.0.8"
    },
    "uuid": {
      "version": "8.3.2"
    },
    "vary": {
      "version": "1.1.2"
    }
  }
}
